
Microsoft Visual Studio Solution File, Format Version 12.00
# Visual Studio Version 18
VisualStudioVersion = 18.2.11415.280
MinimumVisualStudioVersion = 10.0.40219.1
Project("{FAE04EC0-301F-11D3-BF4B-00C04F79EFBC}") = "WpfBankAccount", "WpfBankAccount\WpfBankAccount.csproj", "{D0DDC77B-BEB1-475A-964E-CBDD32F3DC1A}"
EndProject
Project("{FAE04EC0-301F-11D3-BF4B-00C04F79EFBC}") = "BankAccountCore", "BankAccountCore\BankAccountCore.csproj", "{1D5C542E-F3EE-4172-9382-494341C908DA}"
EndProject
Project("{FAE04EC0-301F-11D3-BF4B-00C04F79EFBC}") = "BankApp.Api", "BankApp.Api\BankApp.Api.csproj", "{02374FAC-4F3D-438C-8780-202EDD48FD3C}"
EndProject
Global
	GlobalSection(SolutionConfigurationPlatforms) = preSolution
		Debug|Any CPU = Debug|Any CPU
		Release|Any CPU = Release|Any CPU
	EndGlobalSection
	GlobalSection(ProjectConfigurationPlatforms) = postSolution
{D0DDC77B-BEB1-475A-964E-CBDD32F3DC1A}.Debug|Any CPU.ActiveCfg = Debug|Any CPU
		{D0DDC77B-BEB1-475A-964E-CBDD32F3DC1A}.Debug|Any CPU.Build.0 = Debug|Any CPU
		{D0DDC77B-BEB1-475A-964E-CBDD32F3DC1A}.Release|Any CPU.ActiveCfg = Release|Any CPU
		{D0DDC77B-BEB1-475A-964E-CBDD32F3DC1A}.Release|Any CPU.Build.0 = Release|Any CPU
		{1D5C542E-F3EE-4172-9382-494341C908DA}.Debug|Any CPU.ActiveCfg = Debug|Any CPU
		{1D5C542E-F3EE-4172-9382-494341C908DA}.Debug|Any CPU.Build.0 = Debug|Any CPU
		{1D5C542E-F3EE-4172-9382-494341C908DA}.Release|Any CPU.ActiveCfg = Release|Any CPU
		{1D5C542E-F3EE-4172-9382-494341C908DA}.Release|Any CPU.Build.0 = Release|Any CPU
		{02374FAC-4F3D-438C-8780-202EDD48FD3C}.Debug|Any CPU.ActiveCfg = Debug|Any CPU
		{02374FAC-4F3D-438C-8780-202EDD48FD3C}.Debug|Any CPU.Build.0 = Debug|Any CPU
		{02374FAC-4F3D-438C-8780-202EDD48FD3C}.Release|Any CPU.ActiveCfg = Release|Any CPU
		{02374FAC-4F3D-438C-8780-202EDD48FD3C}.Release|Any CPU.Build.0 = Release|Any CPU
	EndGlobalSection
	GlobalSection(SolutionProperties) = preSolution
		HideSolutionNode = FALSE
	EndGlobalSection
	GlobalSection(ExtensibilityGlobals) = postSolution
		SolutionGuid = {1C20C9B4-0978-4BF6-827B-B272491CFEFC}
	EndGlobalSection
EndGlobal
