
Microsoft Visual Studio Solution File, Format Version 12.00
# Visual Studio Version 17
VisualStudioVersion = 17.13.35931.197
MinimumVisualStudioVersion = 10.0.40219.1
Project("{FAE04EC0-301F-11D3-BF4B-00C04F79EFBC}") = "BankAccountConsole", "BankAccountConsole.csproj", "{7D1E8634-33D5-43D6-ABF1-BDA094D94761}"
EndProject
Project("{FAE04EC0-301F-11D3-BF4B-00C04F79EFBC}") = "WpfBankAccount", "WpfBankAccount\WpfBankAccount.csproj", "{D0DDC77B-BEB1-475A-964E-CBDD32F3DC1A}"
EndProject
Project("{FAE04EC0-301F-11D3-BF4B-00C04F79EFBC}") = "BankAccountCore", "BankAccountCore\BankAccountCore.csproj", "{1D5C542E-F3EE-4172-9382-494341C908DA}"
EndProject
Global
	GlobalSection(SolutionConfigurationPlatforms) = preSolution
		Debug|Any CPU = Debug|Any CPU
		Release|Any CPU = Release|Any CPU
	EndGlobalSection
	GlobalSection(ProjectConfigurationPlatforms) = postSolution
		{7D1E8634-33D5-43D6-ABF1-BDA094D94761}.Debug|Any CPU.ActiveCfg = Debug|Any CPU
		{7D1E8634-33D5-43D6-ABF1-BDA094D94761}.Debug|Any CPU.Build.0 = Debug|Any CPU
		{7D1E8634-33D5-43D6-ABF1-BDA094D94761}.Release|Any CPU.ActiveCfg = Release|Any CPU
		{7D1E8634-33D5-43D6-ABF1-BDA094D94761}.Release|Any CPU.Build.0 = Release|Any CPU
		{D0DDC77B-BEB1-475A-964E-CBDD32F3DC1A}.Debug|Any CPU.ActiveCfg = Debug|Any CPU
		{D0DDC77B-BEB1-475A-964E-CBDD32F3DC1A}.Debug|Any CPU.Build.0 = Debug|Any CPU
		{D0DDC77B-BEB1-475A-964E-CBDD32F3DC1A}.Release|Any CPU.ActiveCfg = Release|Any CPU
		{D0DDC77B-BEB1-475A-964E-CBDD32F3DC1A}.Release|Any CPU.Build.0 = Release|Any CPU
		{1D5C542E-F3EE-4172-9382-494341C908DA}.Debug|Any CPU.ActiveCfg = Debug|Any CPU
		{1D5C542E-F3EE-4172-9382-494341C908DA}.Debug|Any CPU.Build.0 = Debug|Any CPU
		{1D5C542E-F3EE-4172-9382-494341C908DA}.Release|Any CPU.ActiveCfg = Release|Any CPU
		{1D5C542E-F3EE-4172-9382-494341C908DA}.Release|Any CPU.Build.0 = Release|Any CPU
	EndGlobalSection
	GlobalSection(SolutionProperties) = preSolution
		HideSolutionNode = FALSE
	EndGlobalSection
	GlobalSection(ExtensibilityGlobals) = postSolution
		SolutionGuid = {1C20C9B4-0978-4BF6-827B-B272491CFEFC}
	EndGlobalSection
EndGlobal
